
Microsoft Visual Studio Solution File, Format Version 12.00
# Visual Studio Version 17
VisualStudioVersion = 17.3.32804.467
MinimumVisualStudioVersion = 10.0.40219.1
Project("{FAE04EC0-301F-11D3-BF4B-00C04F79EFBC}") = "SampleApp", "SampleApp\SampleApp.csproj", "{959B07FF-AE93-4E53-8CF4-D0BC84F1647F}"
EndProject
Global
	GlobalSection(SolutionConfigurationPlatforms) = preSolution
		Debug|Any CPU = Debug|Any CPU
		Release|Any CPU = Release|Any CPU
	EndGlobalSection
	GlobalSection(ProjectConfigurationPlatforms) = postSolution
		{959B07FF-AE93-4E53-8CF4-D0BC84F1647F}.Debug|Any CPU.ActiveCfg = Debug|Any CPU
		{959B07FF-AE93-4E53-8CF4-D0BC84F1647F}.Debug|Any CPU.Build.0 = Debug|Any CPU
		{959B07FF-AE93-4E53-8CF4-D0BC84F1647F}.Release|Any CPU.ActiveCfg = Release|Any CPU
		{959B07FF-AE93-4E53-8CF4-D0BC84F1647F}.Release|Any CPU.Build.0 = Release|Any CPU
	EndGlobalSection
	GlobalSection(SolutionProperties) = preSolution
		HideSolutionNode = FALSE
	EndGlobalSection
	GlobalSection(ExtensibilityGlobals) = postSolution
		SolutionGuid = {73C0C5D6-5F19-4BA6-87C6-336A2AD6ADCB}
	EndGlobalSection
EndGlobal
